
Microsoft Visual Studio Solution File, Format Version 12.00
# Visual Studio Version 16
VisualStudioVersion = 16.0.30517.126
MinimumVisualStudioVersion = 10.0.40219.1
Project("{FAE04EC0-301F-11D3-BF4B-00C04F79EFBC}") = "Schedule.Web", "Schedule.Web\Schedule.Web.csproj", "{6CF17969-0150-441B-A7FE-758C370FE27B}"
EndProject
Global
	GlobalSection(SolutionConfigurationPlatforms) = preSolution
		Debug|Any CPU = Debug|Any CPU
		Release|Any CPU = Release|Any CPU
	EndGlobalSection
	GlobalSection(ProjectConfigurationPlatforms) = postSolution
		{6CF17969-0150-441B-A7FE-758C370FE27B}.Debug|Any CPU.ActiveCfg = Debug|Any CPU
		{6CF17969-0150-441B-A7FE-758C370FE27B}.Debug|Any CPU.Build.0 = Debug|Any CPU
		{6CF17969-0150-441B-A7FE-758C370FE27B}.Release|Any CPU.ActiveCfg = Release|Any CPU
		{6CF17969-0150-441B-A7FE-758C370FE27B}.Release|Any CPU.Build.0 = Release|Any CPU
	EndGlobalSection
	GlobalSection(SolutionProperties) = preSolution
		HideSolutionNode = FALSE
	EndGlobalSection
	GlobalSection(ExtensibilityGlobals) = postSolution
		SolutionGuid = {E63F46FA-5E13-42C9-B8E4-432EB6BD49DF}
	EndGlobalSection
EndGlobal
